
Microsoft Visual Studio Solution File, Format Version 11.00
# Visual Studio 2010
Project("{FAE04EC0-301F-11D3-BF4B-00C04F79EFBC}") = "BibliothequeUser", "BibliothequeUser\BibliothequeUser.csproj", "{DDD9A268-E1AE-4051-B65B-395F160E653D}"
	ProjectSection(ProjectDependencies) = postProject
		{ECE8769A-8576-4655-A638-144740B1CB60} = {ECE8769A-8576-4655-A638-144740B1CB60}
	EndProjectSection
EndProject
Project("{E24C65DC-7377-472B-9ABA-BC803B73C61A}") = "BibliothequeWebsite", "BibliothequeWebsite\", "{ECE8769A-8576-4655-A638-144740B1CB60}"
	ProjectSection(WebsiteProperties) = preProject
		TargetFrameworkMoniker = ".NETFramework,Version%3Dv2.0"
		ProjectReferences = "{081E5949-858E-4890-9173-F900AE6742C3}|BibliothequeClass.dll;"
		Debug.AspNetCompiler.VirtualPath = "/localhost_51180"
		Debug.AspNetCompiler.PhysicalPath = "BibliothequeWebsite\"
		Debug.AspNetCompiler.TargetPath = "PrecompiledWeb\localhost_51180\"
		Debug.AspNetCompiler.Updateable = "true"
		Debug.AspNetCompiler.ForceOverwrite = "true"
		Debug.AspNetCompiler.FixedNames = "false"
		Debug.AspNetCompiler.Debug = "True"
		Release.AspNetCompiler.VirtualPath = "/localhost_51180"
		Release.AspNetCompiler.PhysicalPath = "BibliothequeWebsite\"
		Release.AspNetCompiler.TargetPath = "PrecompiledWeb\localhost_51180\"
		Release.AspNetCompiler.Updateable = "true"
		Release.AspNetCompiler.ForceOverwrite = "true"
		Release.AspNetCompiler.FixedNames = "false"
		Release.AspNetCompiler.Debug = "False"
		VWDPort = "51180"
	EndProjectSection
EndProject
Project("{FAE04EC0-301F-11D3-BF4B-00C04F79EFBC}") = "BibliothequeClass", "Bibliotheque\BibliothequeClass.csproj", "{081E5949-858E-4890-9173-F900AE6742C3}"
EndProject
Global
	GlobalSection(SolutionConfigurationPlatforms) = preSolution
		Debug|Any CPU = Debug|Any CPU
		Release|Any CPU = Release|Any CPU
	EndGlobalSection
	GlobalSection(ProjectConfigurationPlatforms) = postSolution
		{DDD9A268-E1AE-4051-B65B-395F160E653D}.Debug|Any CPU.ActiveCfg = Debug|Any CPU
		{DDD9A268-E1AE-4051-B65B-395F160E653D}.Debug|Any CPU.Build.0 = Debug|Any CPU
		{DDD9A268-E1AE-4051-B65B-395F160E653D}.Release|Any CPU.ActiveCfg = Release|Any CPU
		{DDD9A268-E1AE-4051-B65B-395F160E653D}.Release|Any CPU.Build.0 = Release|Any CPU
		{ECE8769A-8576-4655-A638-144740B1CB60}.Debug|Any CPU.ActiveCfg = Debug|Any CPU
		{ECE8769A-8576-4655-A638-144740B1CB60}.Debug|Any CPU.Build.0 = Debug|Any CPU
		{ECE8769A-8576-4655-A638-144740B1CB60}.Release|Any CPU.ActiveCfg = Debug|Any CPU
		{ECE8769A-8576-4655-A638-144740B1CB60}.Release|Any CPU.Build.0 = Debug|Any CPU
		{081E5949-858E-4890-9173-F900AE6742C3}.Debug|Any CPU.ActiveCfg = Debug|Any CPU
		{081E5949-858E-4890-9173-F900AE6742C3}.Debug|Any CPU.Build.0 = Debug|Any CPU
		{081E5949-858E-4890-9173-F900AE6742C3}.Release|Any CPU.ActiveCfg = Release|Any CPU
		{081E5949-858E-4890-9173-F900AE6742C3}.Release|Any CPU.Build.0 = Release|Any CPU
	EndGlobalSection
	GlobalSection(SolutionProperties) = preSolution
		HideSolutionNode = FALSE
	EndGlobalSection
EndGlobal
