
Microsoft Visual Studio Solution File, Format Version 12.00
# Visual Studio 14
VisualStudioVersion = 14.0.25420.1
MinimumVisualStudioVersion = 10.0.40219.1
Project("{FAE04EC0-301F-11D3-BF4B-00C04F79EFBC}") = "share", "share\share.csproj", "{1FE09E71-8285-4CA0-8576-BF81FA0FC2D5}"
EndProject
Project("{FAE04EC0-301F-11D3-BF4B-00C04F79EFBC}") = "HebergementService", "HebergementService\HebergementService.csproj", "{4BF88DCD-6517-4F6F-855E-06061986A92B}"
EndProject
Project("{FAE04EC0-301F-11D3-BF4B-00C04F79EFBC}") = "Client", "Client\Client.csproj", "{01E00D83-70F7-4629-8365-A181ABF43CED}"
	ProjectSection(ProjectDependencies) = postProject
		{1FE09E71-8285-4CA0-8576-BF81FA0FC2D5} = {1FE09E71-8285-4CA0-8576-BF81FA0FC2D5}
	EndProjectSection
EndProject
Project("{FAE04EC0-301F-11D3-BF4B-00C04F79EFBC}") = "ServiceRecettes", "ServiceRecettes\ServiceRecettes.csproj", "{03A09584-60FF-4812-A132-E9AA37FABF75}"
	ProjectSection(ProjectDependencies) = postProject
		{1FE09E71-8285-4CA0-8576-BF81FA0FC2D5} = {1FE09E71-8285-4CA0-8576-BF81FA0FC2D5}
	EndProjectSection
EndProject
Global
	GlobalSection(SolutionConfigurationPlatforms) = preSolution
		Debug|Any CPU = Debug|Any CPU
		Debug|Mixed Platforms = Debug|Mixed Platforms
		Debug|x86 = Debug|x86
		Release|Any CPU = Release|Any CPU
		Release|Mixed Platforms = Release|Mixed Platforms
		Release|x86 = Release|x86
	EndGlobalSection
	GlobalSection(ProjectConfigurationPlatforms) = postSolution
		{1FE09E71-8285-4CA0-8576-BF81FA0FC2D5}.Debug|Any CPU.ActiveCfg = Debug|Any CPU
		{1FE09E71-8285-4CA0-8576-BF81FA0FC2D5}.Debug|Any CPU.Build.0 = Debug|Any CPU
		{1FE09E71-8285-4CA0-8576-BF81FA0FC2D5}.Debug|Mixed Platforms.ActiveCfg = Debug|Any CPU
		{1FE09E71-8285-4CA0-8576-BF81FA0FC2D5}.Debug|Mixed Platforms.Build.0 = Debug|Any CPU
		{1FE09E71-8285-4CA0-8576-BF81FA0FC2D5}.Debug|x86.ActiveCfg = Debug|Any CPU
		{1FE09E71-8285-4CA0-8576-BF81FA0FC2D5}.Release|Any CPU.ActiveCfg = Release|Any CPU
		{1FE09E71-8285-4CA0-8576-BF81FA0FC2D5}.Release|Any CPU.Build.0 = Release|Any CPU
		{1FE09E71-8285-4CA0-8576-BF81FA0FC2D5}.Release|Mixed Platforms.ActiveCfg = Release|Any CPU
		{1FE09E71-8285-4CA0-8576-BF81FA0FC2D5}.Release|Mixed Platforms.Build.0 = Release|Any CPU
		{1FE09E71-8285-4CA0-8576-BF81FA0FC2D5}.Release|x86.ActiveCfg = Release|Any CPU
		{4BF88DCD-6517-4F6F-855E-06061986A92B}.Debug|Any CPU.ActiveCfg = Debug|x86
		{4BF88DCD-6517-4F6F-855E-06061986A92B}.Debug|Mixed Platforms.ActiveCfg = Debug|x86
		{4BF88DCD-6517-4F6F-855E-06061986A92B}.Debug|Mixed Platforms.Build.0 = Debug|x86
		{4BF88DCD-6517-4F6F-855E-06061986A92B}.Debug|x86.ActiveCfg = Debug|x86
		{4BF88DCD-6517-4F6F-855E-06061986A92B}.Debug|x86.Build.0 = Debug|x86
		{4BF88DCD-6517-4F6F-855E-06061986A92B}.Release|Any CPU.ActiveCfg = Release|x86
		{4BF88DCD-6517-4F6F-855E-06061986A92B}.Release|Mixed Platforms.ActiveCfg = Release|x86
		{4BF88DCD-6517-4F6F-855E-06061986A92B}.Release|Mixed Platforms.Build.0 = Release|x86
		{4BF88DCD-6517-4F6F-855E-06061986A92B}.Release|x86.ActiveCfg = Release|x86
		{4BF88DCD-6517-4F6F-855E-06061986A92B}.Release|x86.Build.0 = Release|x86
		{01E00D83-70F7-4629-8365-A181ABF43CED}.Debug|Any CPU.ActiveCfg = Debug|x86
		{01E00D83-70F7-4629-8365-A181ABF43CED}.Debug|Mixed Platforms.ActiveCfg = Debug|x86
		{01E00D83-70F7-4629-8365-A181ABF43CED}.Debug|Mixed Platforms.Build.0 = Debug|x86
		{01E00D83-70F7-4629-8365-A181ABF43CED}.Debug|x86.ActiveCfg = Debug|x86
		{01E00D83-70F7-4629-8365-A181ABF43CED}.Debug|x86.Build.0 = Debug|x86
		{01E00D83-70F7-4629-8365-A181ABF43CED}.Release|Any CPU.ActiveCfg = Release|x86
		{01E00D83-70F7-4629-8365-A181ABF43CED}.Release|Mixed Platforms.ActiveCfg = Release|x86
		{01E00D83-70F7-4629-8365-A181ABF43CED}.Release|Mixed Platforms.Build.0 = Release|x86
		{01E00D83-70F7-4629-8365-A181ABF43CED}.Release|x86.ActiveCfg = Release|x86
		{01E00D83-70F7-4629-8365-A181ABF43CED}.Release|x86.Build.0 = Release|x86
		{03A09584-60FF-4812-A132-E9AA37FABF75}.Debug|Any CPU.ActiveCfg = Debug|Any CPU
		{03A09584-60FF-4812-A132-E9AA37FABF75}.Debug|Any CPU.Build.0 = Debug|Any CPU
		{03A09584-60FF-4812-A132-E9AA37FABF75}.Debug|Mixed Platforms.ActiveCfg = Debug|Any CPU
		{03A09584-60FF-4812-A132-E9AA37FABF75}.Debug|Mixed Platforms.Build.0 = Debug|Any CPU
		{03A09584-60FF-4812-A132-E9AA37FABF75}.Debug|x86.ActiveCfg = Debug|Any CPU
		{03A09584-60FF-4812-A132-E9AA37FABF75}.Release|Any CPU.ActiveCfg = Release|Any CPU
		{03A09584-60FF-4812-A132-E9AA37FABF75}.Release|Any CPU.Build.0 = Release|Any CPU
		{03A09584-60FF-4812-A132-E9AA37FABF75}.Release|Mixed Platforms.ActiveCfg = Release|Any CPU
		{03A09584-60FF-4812-A132-E9AA37FABF75}.Release|Mixed Platforms.Build.0 = Release|Any CPU
		{03A09584-60FF-4812-A132-E9AA37FABF75}.Release|x86.ActiveCfg = Release|Any CPU
	EndGlobalSection
	GlobalSection(SolutionProperties) = preSolution
		HideSolutionNode = FALSE
	EndGlobalSection
EndGlobal
