
Microsoft Visual Studio Solution File, Format Version 10.00
# Visual Studio 2010
VisualStudioVersion = 12.0.31101.0
MinimumVisualStudioVersion = 10.0.40219.1
Project("{FAE04EC0-301F-11D3-BF4B-00C04F79EFBC}") = "Bibliotheque", "Bibliotheque\Bibliotheque.csproj", "{F66FEA37-734C-4B5E-AE3D-6BF7412E6EB7}"
EndProject
Project("{FAE04EC0-301F-11D3-BF4B-00C04F79EFBC}") = "Server", "Server\Server.csproj", "{BB12672E-6BE1-4E10-99FB-3912C0CB16ED}"
EndProject
Project("{FAE04EC0-301F-11D3-BF4B-00C04F79EFBC}") = "Client", "Client\Client.csproj", "{378A4288-907B-4451-836F-754CC0AF8FA6}"
EndProject
Global
	GlobalSection(SolutionConfigurationPlatforms) = preSolution
		Debug|Any CPU = Debug|Any CPU
		Release|Any CPU = Release|Any CPU
	EndGlobalSection
	GlobalSection(ProjectConfigurationPlatforms) = postSolution
		{F66FEA37-734C-4B5E-AE3D-6BF7412E6EB7}.Debug|Any CPU.ActiveCfg = Debug|Any CPU
		{F66FEA37-734C-4B5E-AE3D-6BF7412E6EB7}.Debug|Any CPU.Build.0 = Debug|Any CPU
		{F66FEA37-734C-4B5E-AE3D-6BF7412E6EB7}.Release|Any CPU.ActiveCfg = Release|Any CPU
		{F66FEA37-734C-4B5E-AE3D-6BF7412E6EB7}.Release|Any CPU.Build.0 = Release|Any CPU
		{BB12672E-6BE1-4E10-99FB-3912C0CB16ED}.Debug|Any CPU.ActiveCfg = Debug|Any CPU
		{BB12672E-6BE1-4E10-99FB-3912C0CB16ED}.Debug|Any CPU.Build.0 = Debug|Any CPU
		{BB12672E-6BE1-4E10-99FB-3912C0CB16ED}.Release|Any CPU.ActiveCfg = Release|Any CPU
		{BB12672E-6BE1-4E10-99FB-3912C0CB16ED}.Release|Any CPU.Build.0 = Release|Any CPU
		{378A4288-907B-4451-836F-754CC0AF8FA6}.Debug|Any CPU.ActiveCfg = Debug|Any CPU
		{378A4288-907B-4451-836F-754CC0AF8FA6}.Debug|Any CPU.Build.0 = Debug|Any CPU
		{378A4288-907B-4451-836F-754CC0AF8FA6}.Release|Any CPU.ActiveCfg = Release|Any CPU
		{378A4288-907B-4451-836F-754CC0AF8FA6}.Release|Any CPU.Build.0 = Release|Any CPU
	EndGlobalSection
	GlobalSection(SolutionProperties) = preSolution
		HideSolutionNode = FALSE
	EndGlobalSection
EndGlobal
